{
  "name": "assembly-script",
  "version": "1.0.0",
  "lockfileVersion": 1,
  "requires": true,
  "dependencies": {
    "ansi-regex": {
      "version": "2.1.1",
      "resolved": "https://registry.npmjs.org/ansi-regex/-/ansi-regex-2.1.1.tgz",
      "integrity": "sha1-w7M6te42DYbg5ijwRorn7yfWVN8=",
      "dev": true
    },
    "ansi-styles": {
      "version": "2.2.1",
      "resolved": "https://registry.npmjs.org/ansi-styles/-/ansi-styles-2.2.1.tgz",
      "integrity": "sha1-tDLdM1i2NM914eRmQ2gkBTPB3b4=",
      "dev": true
    },
    "assemblyscript": {
      "version": "0.1.0",
      "resolved": "https://registry.npmjs.org/assemblyscript/-/assemblyscript-0.1.0.tgz",
      "integrity": "sha512-XhHPDbDdST4XX99IqX+28a12n7+wSMAc26i+bEVEwJAPrmm1yiTDtEkkDeNJ/J4lDalKccPhu4un2WT3WCaUcQ==",
      "dev": true,
      "requires": {
        "binaryen": "1.37.14",
        "chalk": "^1.1.3",
        "minimist": "^1.2.0",
        "wabt": "0.0.13-nightly.20170628"
      }
    },
    "assemblyscript-live-loader": {
      "version": "0.3.0",
      "resolved": "https://registry.npmjs.org/assemblyscript-live-loader/-/assemblyscript-live-loader-0.3.0.tgz",
      "integrity": "sha512-dmWIl6VW4Q1XS25fVXRXVTodm8CMtvd1OaSXUqk3cGTwfX7Ig89gSIYAqKWhWNxI9QZ2eJgY2Ehb1SPysckl+A==",
      "dev": true,
      "requires": {
        "assemblyscript": "^0.1.0"
      }
    },
    "binaryen": {
      "version": "1.37.14",
      "resolved": "https://registry.npmjs.org/binaryen/-/binaryen-1.37.14.tgz",
      "integrity": "sha512-1DAbTor4rWxb4rUvtx/Ya1F5JUn4eniNOcTaeA9WOHJ6AzmYA9nhUE/xVBg6MyyXzWpuP4UHT2HTbisnNOY6/w==",
      "dev": true
    },
    "chalk": {
      "version": "1.1.3",
      "resolved": "https://registry.npmjs.org/chalk/-/chalk-1.1.3.tgz",
      "integrity": "sha1-qBFcVeSnAv5NFQq9OHKCKn4J/Jg=",
      "dev": true,
      "requires": {
        "ansi-styles": "^2.2.1",
        "escape-string-regexp": "^1.0.2",
        "has-ansi": "^2.0.0",
        "strip-ansi": "^3.0.0",
        "supports-color": "^2.0.0"
      }
    },
    "escape-string-regexp": {
      "version": "1.0.5",
      "resolved": "https://registry.npmjs.org/escape-string-regexp/-/escape-string-regexp-1.0.5.tgz",
      "integrity": "sha1-G2HAViGQqN/2rjuyzwIAyhMLhtQ=",
      "dev": true
    },
    "has-ansi": {
      "version": "2.0.0",
      "resolved": "https://registry.npmjs.org/has-ansi/-/has-ansi-2.0.0.tgz",
      "integrity": "sha1-NPUEnOHs3ysGSa8+8k5F7TVBbZE=",
      "dev": true,
      "requires": {
        "ansi-regex": "^2.0.0"
      }
    },
    "minimist": {
      "version": "1.2.0",
      "resolved": "https://registry.npmjs.org/minimist/-/minimist-1.2.0.tgz",
      "integrity": "sha1-o1AIsg9BOD7sH7kU9M1d95omQoQ=",
      "dev": true
    },
    "strip-ansi": {
      "version": "3.0.1",
      "resolved": "https://registry.npmjs.org/strip-ansi/-/strip-ansi-3.0.1.tgz",
      "integrity": "sha1-ajhfuIU9lS1f8F0Oiq+UJ43GPc8=",
      "dev": true,
      "requires": {
        "ansi-regex": "^2.0.0"
      }
    },
    "supports-color": {
      "version": "2.0.0",
      "resolved": "https://registry.npmjs.org/supports-color/-/supports-color-2.0.0.tgz",
      "integrity": "sha1-U10EXOa2Nj+kARcIRimZXp3zJMc=",
      "dev": true
    },
    "wabt": {
      "version": "0.0.13-nightly.20170628",
      "resolved": "https://registry.npmjs.org/wabt/-/wabt-0.0.13-nightly.20170628.tgz",
      "integrity": "sha512-vAnbSKRVaF+NcdN/TJXVBJgWUnS9i+rY6VNW29fqtGEHxxWXYMyuqvtCWjqlrihgMpeJuNVZqS7MJar5NmDcfg==",
      "dev": true
    }
  }
}
