# THIS IS AN AUTOGENERATED FILE. DO NOT EDIT THIS FILE DIRECTLY.
# yarn lockfile v1


"@babel/code-frame@7.0.0-beta.44":
  version "7.0.0-beta.44"
  resolved "https://registry.yarnpkg.com/@babel/code-frame/-/code-frame-7.0.0-beta.44.tgz#2a02643368de80916162be70865c97774f3adbd9"
  dependencies:
    "@babel/highlight" "7.0.0-beta.44"

"@babel/generator@7.0.0-beta.44":
  version "7.0.0-beta.44"
  resolved "https://registry.yarnpkg.com/@babel/generator/-/generator-7.0.0-beta.44.tgz#c7e67b9b5284afcf69b309b50d7d37f3e5033d42"
  dependencies:
    "@babel/types" "7.0.0-beta.44"
    jsesc "^2.5.1"
    lodash "^4.2.0"
    source-map "^0.5.0"
    trim-right "^1.0.1"

"@babel/helper-function-name@7.0.0-beta.44":
  version "7.0.0-beta.44"
  resolved "https://registry.yarnpkg.com/@babel/helper-function-name/-/helper-function-name-7.0.0-beta.44.tgz#e18552aaae2231100a6e485e03854bc3532d44dd"
  dependencies:
    "@babel/helper-get-function-arity" "7.0.0-beta.44"
    "@babel/template" "7.0.0-beta.44"
    "@babel/types" "7.0.0-beta.44"

"@babel/helper-get-function-arity@7.0.0-beta.44":
  version "7.0.0-beta.44"
  resolved "https://registry.yarnpkg.com/@babel/helper-get-function-arity/-/helper-get-function-arity-7.0.0-beta.44.tgz#d03ca6dd2b9f7b0b1e6b32c56c72836140db3a15"
  dependencies:
    "@babel/types" "7.0.0-beta.44"

"@babel/helper-split-export-declaration@7.0.0-beta.44":
  version "7.0.0-beta.44"
  resolved "https://registry.yarnpkg.com/@babel/helper-split-export-declaration/-/helper-split-export-declaration-7.0.0-beta.44.tgz#c0b351735e0fbcb3822c8ad8db4e583b05ebd9dc"
  dependencies:
    "@babel/types" "7.0.0-beta.44"

"@babel/highlight@7.0.0-beta.44":
  version "7.0.0-beta.44"
  resolved "https://registry.yarnpkg.com/@babel/highlight/-/highlight-7.0.0-beta.44.tgz#18c94ce543916a80553edcdcf681890b200747d5"
  dependencies:
    chalk "^2.0.0"
    esutils "^2.0.2"
    js-tokens "^3.0.0"

"@babel/template@7.0.0-beta.44":
  version "7.0.0-beta.44"
  resolved "https://registry.yarnpkg.com/@babel/template/-/template-7.0.0-beta.44.tgz#f8832f4fdcee5d59bf515e595fc5106c529b394f"
  dependencies:
    "@babel/code-frame" "7.0.0-beta.44"
    "@babel/types" "7.0.0-beta.44"
    babylon "7.0.0-beta.44"
    lodash "^4.2.0"

"@babel/traverse@7.0.0-beta.44":
  version "7.0.0-beta.44"
  resolved "https://registry.yarnpkg.com/@babel/traverse/-/traverse-7.0.0-beta.44.tgz#a970a2c45477ad18017e2e465a0606feee0d2966"
  dependencies:
    "@babel/code-frame" "7.0.0-beta.44"
    "@babel/generator" "7.0.0-beta.44"
    "@babel/helper-function-name" "7.0.0-beta.44"
    "@babel/helper-split-export-declaration" "7.0.0-beta.44"
    "@babel/types" "7.0.0-beta.44"
    babylon "7.0.0-beta.44"
    debug "^3.1.0"
    globals "^11.1.0"
    invariant "^2.2.0"
    lodash "^4.2.0"

"@babel/types@7.0.0-beta.44":
  version "7.0.0-beta.44"
  resolved "https://registry.yarnpkg.com/@babel/types/-/types-7.0.0-beta.44.tgz#6b1b164591f77dec0a0342aca995f2d046b3a757"
  dependencies:
    esutils "^2.0.2"
    lodash "^4.2.0"
    to-fast-properties "^2.0.0"

ansi-styles@^3.2.1:
  version "3.2.1"
  resolved "https://registry.yarnpkg.com/ansi-styles/-/ansi-styles-3.2.1.tgz#41fbb20243e50b12be0f04b8dedbf07520ce841d"
  dependencies:
    color-convert "^1.9.0"

asynckit@^0.4.0:
  version "0.4.0"
  resolved "https://registry.yarnpkg.com/asynckit/-/asynckit-0.4.0.tgz#c79ed97f7f34cb8f2ba1bc9790bcc366474b4b79"

babel-eslint@^8.2.3:
  version "8.2.3"
  resolved "https://registry.yarnpkg.com/babel-eslint/-/babel-eslint-8.2.3.tgz#1a2e6681cc9bc4473c32899e59915e19cd6733cf"
  dependencies:
    "@babel/code-frame" "7.0.0-beta.44"
    "@babel/traverse" "7.0.0-beta.44"
    "@babel/types" "7.0.0-beta.44"
    babylon "7.0.0-beta.44"
    eslint-scope "~3.7.1"
    eslint-visitor-keys "^1.0.0"

babylon@7.0.0-beta.44:
  version "7.0.0-beta.44"
  resolved "https://registry.yarnpkg.com/babylon/-/babylon-7.0.0-beta.44.tgz#89159e15e6e30c5096e22d738d8c0af8a0e8ca1d"

chalk@^2.0.0:
  version "2.4.0"
  resolved "https://registry.yarnpkg.com/chalk/-/chalk-2.4.0.tgz#a060a297a6b57e15b61ca63ce84995daa0fe6e52"
  dependencies:
    ansi-styles "^3.2.1"
    escape-string-regexp "^1.0.5"
    supports-color "^5.3.0"

color-convert@^1.9.0:
  version "1.9.1"
  resolved "https://registry.yarnpkg.com/color-convert/-/color-convert-1.9.1.tgz#c1261107aeb2f294ebffec9ed9ecad529a6097ed"
  dependencies:
    color-name "^1.1.1"

color-name@^1.1.1:
  version "1.1.3"
  resolved "https://registry.yarnpkg.com/color-name/-/color-name-1.1.3.tgz#a7d0558bd89c42f795dd42328f740831ca53bc25"

combined-stream@1.0.6:
  version "1.0.6"
  resolved "https://registry.yarnpkg.com/combined-stream/-/combined-stream-1.0.6.tgz#723e7df6e801ac5613113a7e445a9b69cb632818"
  dependencies:
    delayed-stream "~1.0.0"

component-emitter@^1.2.0:
  version "1.2.1"
  resolved "https://registry.yarnpkg.com/component-emitter/-/component-emitter-1.2.1.tgz#137918d6d78283f7df7a6b7c5a63e140e69425e6"

cookiejar@^2.1.0:
  version "2.1.1"
  resolved "https://registry.yarnpkg.com/cookiejar/-/cookiejar-2.1.1.tgz#41ad57b1b555951ec171412a81942b1e8200d34a"

core-util-is@~1.0.0:
  version "1.0.2"
  resolved "https://registry.yarnpkg.com/core-util-is/-/core-util-is-1.0.2.tgz#b5fd54220aa2bc5ab57aab7140c940754503c1a7"

debug@^3.1.0:
  version "3.1.0"
  resolved "https://registry.yarnpkg.com/debug/-/debug-3.1.0.tgz#5bb5a0672628b64149566ba16819e61518c67261"
  dependencies:
    ms "2.0.0"

delayed-stream@~1.0.0:
  version "1.0.0"
  resolved "https://registry.yarnpkg.com/delayed-stream/-/delayed-stream-1.0.0.tgz#df3ae199acadfb7d440aaae0b29e2272b24ec619"

escape-string-regexp@^1.0.5:
  version "1.0.5"
  resolved "https://registry.yarnpkg.com/escape-string-regexp/-/escape-string-regexp-1.0.5.tgz#1b61c0562190a8dff6ae3bb2cf0200ca130b86d4"

eslint-scope@~3.7.1:
  version "3.7.1"
  resolved "https://registry.yarnpkg.com/eslint-scope/-/eslint-scope-3.7.1.tgz#3d63c3edfda02e06e01a452ad88caacc7cdcb6e8"
  dependencies:
    esrecurse "^4.1.0"
    estraverse "^4.1.1"

eslint-visitor-keys@^1.0.0:
  version "1.0.0"
  resolved "https://registry.yarnpkg.com/eslint-visitor-keys/-/eslint-visitor-keys-1.0.0.tgz#3f3180fb2e291017716acb4c9d6d5b5c34a6a81d"

esrecurse@^4.1.0:
  version "4.2.1"
  resolved "https://registry.yarnpkg.com/esrecurse/-/esrecurse-4.2.1.tgz#007a3b9fdbc2b3bb87e4879ea19c92fdbd3942cf"
  dependencies:
    estraverse "^4.1.0"

estraverse@^4.1.0, estraverse@^4.1.1:
  version "4.2.0"
  resolved "https://registry.yarnpkg.com/estraverse/-/estraverse-4.2.0.tgz#0dee3fed31fcd469618ce7342099fc1afa0bdb13"

esutils@^2.0.2:
  version "2.0.2"
  resolved "https://registry.yarnpkg.com/esutils/-/esutils-2.0.2.tgz#0abf4f1caa5bcb1f7a9d8acc6dea4faaa04bac9b"

extend@^3.0.0:
  version "3.0.1"
  resolved "https://registry.yarnpkg.com/extend/-/extend-3.0.1.tgz#a755ea7bc1adfcc5a31ce7e762dbaadc5e636444"

for-each@^0.3.2:
  version "0.3.2"
  resolved "https://registry.yarnpkg.com/for-each/-/for-each-0.3.2.tgz#2c40450b9348e97f281322593ba96704b9abd4d4"
  dependencies:
    is-function "~1.0.0"

form-data@^2.3.1:
  version "2.3.2"
  resolved "https://registry.yarnpkg.com/form-data/-/form-data-2.3.2.tgz#4970498be604c20c005d4f5c23aecd21d6b49099"
  dependencies:
    asynckit "^0.4.0"
    combined-stream "1.0.6"
    mime-types "^2.1.12"

formidable@^1.1.1:
  version "1.2.1"
  resolved "https://registry.yarnpkg.com/formidable/-/formidable-1.2.1.tgz#70fb7ca0290ee6ff961090415f4b3df3d2082659"

globals@^11.1.0:
  version "11.4.0"
  resolved "https://registry.yarnpkg.com/globals/-/globals-11.4.0.tgz#b85c793349561c16076a3c13549238a27945f1bc"

has-flag@^3.0.0:
  version "3.0.0"
  resolved "https://registry.yarnpkg.com/has-flag/-/has-flag-3.0.0.tgz#b5d454dc2199ae225699f3467e5a07f3b955bafd"

inherits@~2.0.3:
  version "2.0.3"
  resolved "https://registry.yarnpkg.com/inherits/-/inherits-2.0.3.tgz#633c2c83e3da42a502f52466022480f4208261de"

invariant@^2.2.0:
  version "2.2.4"
  resolved "https://registry.yarnpkg.com/invariant/-/invariant-2.2.4.tgz#610f3c92c9359ce1db616e538008d23ff35158e6"
  dependencies:
    loose-envify "^1.0.0"

is-function@~1.0.0:
  version "1.0.1"
  resolved "https://registry.yarnpkg.com/is-function/-/is-function-1.0.1.tgz#12cfb98b65b57dd3d193a3121f5f6e2f437602b5"

isarray@~1.0.0:
  version "1.0.0"
  resolved "https://registry.yarnpkg.com/isarray/-/isarray-1.0.0.tgz#bb935d48582cba168c06834957a54a3e07124f11"

js-tokens@^3.0.0:
  version "3.0.2"
  resolved "https://registry.yarnpkg.com/js-tokens/-/js-tokens-3.0.2.tgz#9866df395102130e38f7f996bceb65443209c25b"

jsesc@^2.5.1:
  version "2.5.1"
  resolved "https://registry.yarnpkg.com/jsesc/-/jsesc-2.5.1.tgz#e421a2a8e20d6b0819df28908f782526b96dd1fe"

lodash@^4.2.0:
  version "4.17.10"
  resolved "https://registry.yarnpkg.com/lodash/-/lodash-4.17.10.tgz#1b7793cf7259ea38fb3661d4d38b3260af8ae4e7"

loose-envify@^1.0.0:
  version "1.3.1"
  resolved "https://registry.yarnpkg.com/loose-envify/-/loose-envify-1.3.1.tgz#d1a8ad33fa9ce0e713d65fdd0ac8b748d478c848"
  dependencies:
    js-tokens "^3.0.0"

methods@^1.1.1:
  version "1.1.2"
  resolved "https://registry.yarnpkg.com/methods/-/methods-1.1.2.tgz#5529a4d67654134edcc5266656835b0f851afcee"

mime-db@~1.33.0:
  version "1.33.0"
  resolved "https://registry.yarnpkg.com/mime-db/-/mime-db-1.33.0.tgz#a3492050a5cb9b63450541e39d9788d2272783db"

mime-types@^2.1.12:
  version "2.1.18"
  resolved "https://registry.yarnpkg.com/mime-types/-/mime-types-2.1.18.tgz#6f323f60a83d11146f831ff11fd66e2fe5503bb8"
  dependencies:
    mime-db "~1.33.0"

mime@^1.4.1:
  version "1.6.0"
  resolved "https://registry.yarnpkg.com/mime/-/mime-1.6.0.tgz#32cd9e5c64553bd58d19a568af452acff04981b1"

ms@2.0.0:
  version "2.0.0"
  resolved "https://registry.yarnpkg.com/ms/-/ms-2.0.0.tgz#5608aeadfc00be6c2901df5f9861788de0d597c8"

parse-headers@^2.0.1:
  version "2.0.1"
  resolved "https://registry.yarnpkg.com/parse-headers/-/parse-headers-2.0.1.tgz#6ae83a7aa25a9d9b700acc28698cd1f1ed7e9536"
  dependencies:
    for-each "^0.3.2"
    trim "0.0.1"

process-nextick-args@~2.0.0:
  version "2.0.0"
  resolved "https://registry.yarnpkg.com/process-nextick-args/-/process-nextick-args-2.0.0.tgz#a37d732f4271b4ab1ad070d35508e8290788ffaa"

punycode@1.3.2:
  version "1.3.2"
  resolved "https://registry.yarnpkg.com/punycode/-/punycode-1.3.2.tgz#9653a036fb7c1ee42342f2325cceefea3926c48d"

qs@^6.5.1:
  version "6.5.1"
  resolved "https://registry.yarnpkg.com/qs/-/qs-6.5.1.tgz#349cdf6eef89ec45c12d7d5eb3fc0c870343a6d8"

querystring@0.2.0:
  version "0.2.0"
  resolved "https://registry.yarnpkg.com/querystring/-/querystring-0.2.0.tgz#b209849203bb25df820da756e747005878521620"

readable-stream@^2.0.5:
  version "2.3.6"
  resolved "https://registry.yarnpkg.com/readable-stream/-/readable-stream-2.3.6.tgz#b11c27d88b8ff1fbe070643cf94b0c79ae1b0aaf"
  dependencies:
    core-util-is "~1.0.0"
    inherits "~2.0.3"
    isarray "~1.0.0"
    process-nextick-args "~2.0.0"
    safe-buffer "~5.1.1"
    string_decoder "~1.1.1"
    util-deprecate "~1.0.1"

safe-buffer@~5.1.0, safe-buffer@~5.1.1:
  version "5.1.1"
  resolved "https://registry.yarnpkg.com/safe-buffer/-/safe-buffer-5.1.1.tgz#893312af69b2123def71f57889001671eeb2c853"

source-map@^0.5.0:
  version "0.5.7"
  resolved "https://registry.yarnpkg.com/source-map/-/source-map-0.5.7.tgz#8a039d2d1021d22d1ea14c80d8ea468ba2ef3fcc"

string_decoder@~1.1.1:
  version "1.1.1"
  resolved "https://registry.yarnpkg.com/string_decoder/-/string_decoder-1.1.1.tgz#9cf1611ba62685d7030ae9e4ba34149c3af03fc8"
  dependencies:
    safe-buffer "~5.1.0"

superagent@^3.8.2:
  version "3.8.2"
  resolved "https://registry.yarnpkg.com/superagent/-/superagent-3.8.2.tgz#e4a11b9d047f7d3efeb3bbe536d9ec0021d16403"
  dependencies:
    component-emitter "^1.2.0"
    cookiejar "^2.1.0"
    debug "^3.1.0"
    extend "^3.0.0"
    form-data "^2.3.1"
    formidable "^1.1.1"
    methods "^1.1.1"
    mime "^1.4.1"
    qs "^6.5.1"
    readable-stream "^2.0.5"

supports-color@^5.3.0:
  version "5.4.0"
  resolved "https://registry.yarnpkg.com/supports-color/-/supports-color-5.4.0.tgz#1c6b337402c2137605efe19f10fec390f6faab54"
  dependencies:
    has-flag "^3.0.0"

to-fast-properties@^2.0.0:
  version "2.0.0"
  resolved "https://registry.yarnpkg.com/to-fast-properties/-/to-fast-properties-2.0.0.tgz#dc5e698cbd079265bc73e0377681a4e4e83f616e"

trim-right@^1.0.1:
  version "1.0.1"
  resolved "https://registry.yarnpkg.com/trim-right/-/trim-right-1.0.1.tgz#cb2e1203067e0c8de1f614094b9fe45704ea6003"

trim@0.0.1:
  version "0.0.1"
  resolved "https://registry.yarnpkg.com/trim/-/trim-0.0.1.tgz#5858547f6b290757ee95cccc666fb50084c460dd"

url@^0.11.0:
  version "0.11.0"
  resolved "https://registry.yarnpkg.com/url/-/url-0.11.0.tgz#3838e97cfc60521eb73c525a8e55bfdd9e2e28f1"
  dependencies:
    punycode "1.3.2"
    querystring "0.2.0"

util-deprecate@~1.0.1:
  version "1.0.2"
  resolved "https://registry.yarnpkg.com/util-deprecate/-/util-deprecate-1.0.2.tgz#450d4dc9fa70de732762fbd2d4a28981419a0ccf"
